
Microsoft Visual Studio Solution File, Format Version 12.00
# Visual Studio Version 17
VisualStudioVersion = 17.5.002.0
MinimumVisualStudioVersion = 10.0.40219.1
Project("{2150E333-8FDC-42A3-9474-1A3956D46DE8}") = "csharp-prep", "csharp-prep", "{A39D4111-0402-4519-A639-FF1B588A80B4}"
EndProject
Project("{9A19103F-16F7-4668-BE54-9A1E7A4F7556}") = "Prep1", "csharp-prep\Prep1\Prep1.csproj", "{9DF18AB7-4747-4A4C-8492-FEE8E14EC03B}"
EndProject
Project("{9A19103F-16F7-4668-BE54-9A1E7A4F7556}") = "Prep2", "csharp-prep\Prep2\Prep2.csproj", "{CEAAFE55-3E8C-4241-8734-8A91DD0763C3}"
EndProject
Project("{9A19103F-16F7-4668-BE54-9A1E7A4F7556}") = "Prep3", "csharp-prep\Prep3\Prep3.csproj", "{E1C3C4BD-4CF0-4C45-8ADD-CD431CF4144C}"
EndProject
Project("{9A19103F-16F7-4668-BE54-9A1E7A4F7556}") = "Prep4", "csharp-prep\Prep4\Prep4.csproj", "{D162EC1D-6E73-4638-A1EA-9B7553540292}"
EndProject
Project("{9A19103F-16F7-4668-BE54-9A1E7A4F7556}") = "Prep5", "csharp-prep\Prep5\Prep5.csproj", "{86ACA463-77DB-4DEF-8412-973F5ED6BF51}"
EndProject
Project("{2150E333-8FDC-42A3-9474-1A3956D46DE8}") = "final", "final", "{22032329-EF94-463D-ACC6-F6D29AAB9E3C}"
EndProject
Project("{9A19103F-16F7-4668-BE54-9A1E7A4F7556}") = "FinalProject", "final\FinalProject\FinalProject.csproj", "{0B9D475C-34BC-4609-BA24-55BAB55BEC7A}"
EndProject
Project("{9A19103F-16F7-4668-BE54-9A1E7A4F7556}") = "Foundation1", "final\Foundation1\Foundation1.csproj", "{D650C17C-390D-4D3B-B9E0-6471BD0CDAEB}"
EndProject
Project("{9A19103F-16F7-4668-BE54-9A1E7A4F7556}") = "Foundation2", "final\Foundation2\Foundation2.csproj", "{ACB6A6A5-5BB4-4E63-AAC5-A3B098ADE802}"
EndProject
Project("{9A19103F-16F7-4668-BE54-9A1E7A4F7556}") = "Foundation3", "final\Foundation3\Foundation3.csproj", "{706E1BBC-75FF-4D64-B20C-66AC81E507DD}"
EndProject
Project("{9A19103F-16F7-4668-BE54-9A1E7A4F7556}") = "Foundation4", "final\Foundation4\Foundation4.csproj", "{4C7A0FE7-300F-4166-99F9-6943189F6E85}"
EndProject
Project("{2150E333-8FDC-42A3-9474-1A3956D46DE8}") = "prepare", "prepare", "{9DA61432-4D87-4A7A-B9F1-7DB104480351}"
EndProject
Project("{9A19103F-16F7-4668-BE54-9A1E7A4F7556}") = "Learning02", "prepare\Learning02\Learning02.csproj", "{D3878B59-6076-483F-9B0B-010989D767A0}"
EndProject
Project("{9A19103F-16F7-4668-BE54-9A1E7A4F7556}") = "Learning03", "prepare\Learning03\Learning03.csproj", "{30A793E3-FAE3-4125-B797-AADEEC73DC6D}"
EndProject
Project("{9A19103F-16F7-4668-BE54-9A1E7A4F7556}") = "Learning04", "prepare\Learning04\Learning04.csproj", "{0B837A81-0A3B-4542-A001-F51E3AF12B69}"
EndProject
Project("{9A19103F-16F7-4668-BE54-9A1E7A4F7556}") = "Learning05", "prepare\Learning05\Learning05.csproj", "{4CE4C3C2-8E15-4024-9B20-7250C7BF3C80}"
EndProject
Project("{2150E333-8FDC-42A3-9474-1A3956D46DE8}") = "prove", "prove", "{94556FC5-7A13-4BD1-AC09-DD5EAD1C1961}"
EndProject
Project("{9A19103F-16F7-4668-BE54-9A1E7A4F7556}") = "Develop02", "prove\Develop02\Develop02.csproj", "{07BB00D9-840F-4F6C-83D6-795CE1ACA4D1}"
EndProject
Project("{9A19103F-16F7-4668-BE54-9A1E7A4F7556}") = "Develop03", "prove\Develop03\Develop03.csproj", "{36FE4C33-3812-451A-9516-8AEBFDD43142}"
EndProject
Project("{9A19103F-16F7-4668-BE54-9A1E7A4F7556}") = "Develop04", "prove\Develop04\Develop04.csproj", "{D9FAB0F4-7A7D-4FAB-95CF-ED8A51257CBE}"
EndProject
Project("{9A19103F-16F7-4668-BE54-9A1E7A4F7556}") = "Develop05", "prove\Develop05\Develop05.csproj", "{0666C772-4683-450A-9238-FC184FD821B6}"
EndProject
Project("{2150E333-8FDC-42A3-9474-1A3956D46DE8}") = "sandbox", "sandbox", "{396851E6-703E-4046-9CF8-B02BBED07C83}"
EndProject
Project("{9A19103F-16F7-4668-BE54-9A1E7A4F7556}") = "Sandbox", "sandbox\Sandbox\Sandbox.csproj", "{A5F45046-C985-4050-A680-EE828B76BAF3}"
EndProject
Global
	GlobalSection(SolutionConfigurationPlatforms) = preSolution
		Debug|Any CPU = Debug|Any CPU
		Release|Any CPU = Release|Any CPU
	EndGlobalSection
	GlobalSection(ProjectConfigurationPlatforms) = postSolution
		{9DF18AB7-4747-4A4C-8492-FEE8E14EC03B}.Debug|Any CPU.ActiveCfg = Debug|Any CPU
		{9DF18AB7-4747-4A4C-8492-FEE8E14EC03B}.Debug|Any CPU.Build.0 = Debug|Any CPU
		{9DF18AB7-4747-4A4C-8492-FEE8E14EC03B}.Release|Any CPU.ActiveCfg = Release|Any CPU
		{9DF18AB7-4747-4A4C-8492-FEE8E14EC03B}.Release|Any CPU.Build.0 = Release|Any CPU
		{CEAAFE55-3E8C-4241-8734-8A91DD0763C3}.Debug|Any CPU.ActiveCfg = Debug|Any CPU
		{CEAAFE55-3E8C-4241-8734-8A91DD0763C3}.Debug|Any CPU.Build.0 = Debug|Any CPU
		{CEAAFE55-3E8C-4241-8734-8A91DD0763C3}.Release|Any CPU.ActiveCfg = Release|Any CPU
		{CEAAFE55-3E8C-4241-8734-8A91DD0763C3}.Release|Any CPU.Build.0 = Release|Any CPU
		{E1C3C4BD-4CF0-4C45-8ADD-CD431CF4144C}.Debug|Any CPU.ActiveCfg = Debug|Any CPU
		{E1C3C4BD-4CF0-4C45-8ADD-CD431CF4144C}.Debug|Any CPU.Build.0 = Debug|Any CPU
		{E1C3C4BD-4CF0-4C45-8ADD-CD431CF4144C}.Release|Any CPU.ActiveCfg = Release|Any CPU
		{E1C3C4BD-4CF0-4C45-8ADD-CD431CF4144C}.Release|Any CPU.Build.0 = Release|Any CPU
		{D162EC1D-6E73-4638-A1EA-9B7553540292}.Debug|Any CPU.ActiveCfg = Debug|Any CPU
		{D162EC1D-6E73-4638-A1EA-9B7553540292}.Debug|Any CPU.Build.0 = Debug|Any CPU
		{D162EC1D-6E73-4638-A1EA-9B7553540292}.Release|Any CPU.ActiveCfg = Release|Any CPU
		{D162EC1D-6E73-4638-A1EA-9B7553540292}.Release|Any CPU.Build.0 = Release|Any CPU
		{86ACA463-77DB-4DEF-8412-973F5ED6BF51}.Debug|Any CPU.ActiveCfg = Debug|Any CPU
		{86ACA463-77DB-4DEF-8412-973F5ED6BF51}.Debug|Any CPU.Build.0 = Debug|Any CPU
		{86ACA463-77DB-4DEF-8412-973F5ED6BF51}.Release|Any CPU.ActiveCfg = Release|Any CPU
		{86ACA463-77DB-4DEF-8412-973F5ED6BF51}.Release|Any CPU.Build.0 = Release|Any CPU
		{0B9D475C-34BC-4609-BA24-55BAB55BEC7A}.Debug|Any CPU.ActiveCfg = Debug|Any CPU
		{0B9D475C-34BC-4609-BA24-55BAB55BEC7A}.Debug|Any CPU.Build.0 = Debug|Any CPU
		{0B9D475C-34BC-4609-BA24-55BAB55BEC7A}.Release|Any CPU.ActiveCfg = Release|Any CPU
		{0B9D475C-34BC-4609-BA24-55BAB55BEC7A}.Release|Any CPU.Build.0 = Release|Any CPU
		{D650C17C-390D-4D3B-B9E0-6471BD0CDAEB}.Debug|Any CPU.ActiveCfg = Debug|Any CPU
		{D650C17C-390D-4D3B-B9E0-6471BD0CDAEB}.Debug|Any CPU.Build.0 = Debug|Any CPU
		{D650C17C-390D-4D3B-B9E0-6471BD0CDAEB}.Release|Any CPU.ActiveCfg = Release|Any CPU
		{D650C17C-390D-4D3B-B9E0-6471BD0CDAEB}.Release|Any CPU.Build.0 = Release|Any CPU
		{ACB6A6A5-5BB4-4E63-AAC5-A3B098ADE802}.Debug|Any CPU.ActiveCfg = Debug|Any CPU
		{ACB6A6A5-5BB4-4E63-AAC5-A3B098ADE802}.Debug|Any CPU.Build.0 = Debug|Any CPU
		{ACB6A6A5-5BB4-4E63-AAC5-A3B098ADE802}.Release|Any CPU.ActiveCfg = Release|Any CPU
		{ACB6A6A5-5BB4-4E63-AAC5-A3B098ADE802}.Release|Any CPU.Build.0 = Release|Any CPU
		{706E1BBC-75FF-4D64-B20C-66AC81E507DD}.Debug|Any CPU.ActiveCfg = Debug|Any CPU
		{706E1BBC-75FF-4D64-B20C-66AC81E507DD}.Debug|Any CPU.Build.0 = Debug|Any CPU
		{706E1BBC-75FF-4D64-B20C-66AC81E507DD}.Release|Any CPU.ActiveCfg = Release|Any CPU
		{706E1BBC-75FF-4D64-B20C-66AC81E507DD}.Release|Any CPU.Build.0 = Release|Any CPU
		{4C7A0FE7-300F-4166-99F9-6943189F6E85}.Debug|Any CPU.ActiveCfg = Debug|Any CPU
		{4C7A0FE7-300F-4166-99F9-6943189F6E85}.Debug|Any CPU.Build.0 = Debug|Any CPU
		{4C7A0FE7-300F-4166-99F9-6943189F6E85}.Release|Any CPU.ActiveCfg = Release|Any CPU
		{4C7A0FE7-300F-4166-99F9-6943189F6E85}.Release|Any CPU.Build.0 = Release|Any CPU
		{D3878B59-6076-483F-9B0B-010989D767A0}.Debug|Any CPU.ActiveCfg = Debug|Any CPU
		{D3878B59-6076-483F-9B0B-010989D767A0}.Debug|Any CPU.Build.0 = Debug|Any CPU
		{D3878B59-6076-483F-9B0B-010989D767A0}.Release|Any CPU.ActiveCfg = Release|Any CPU
		{D3878B59-6076-483F-9B0B-010989D767A0}.Release|Any CPU.Build.0 = Release|Any CPU
		{30A793E3-FAE3-4125-B797-AADEEC73DC6D}.Debug|Any CPU.ActiveCfg = Debug|Any CPU
		{30A793E3-FAE3-4125-B797-AADEEC73DC6D}.Debug|Any CPU.Build.0 = Debug|Any CPU
		{30A793E3-FAE3-4125-B797-AADEEC73DC6D}.Release|Any CPU.ActiveCfg = Release|Any CPU
		{30A793E3-FAE3-4125-B797-AADEEC73DC6D}.Release|Any CPU.Build.0 = Release|Any CPU
		{0B837A81-0A3B-4542-A001-F51E3AF12B69}.Debug|Any CPU.ActiveCfg = Debug|Any CPU
		{0B837A81-0A3B-4542-A001-F51E3AF12B69}.Debug|Any CPU.Build.0 = Debug|Any CPU
		{0B837A81-0A3B-4542-A001-F51E3AF12B69}.Release|Any CPU.ActiveCfg = Release|Any CPU
		{0B837A81-0A3B-4542-A001-F51E3AF12B69}.Release|Any CPU.Build.0 = Release|Any CPU
		{4CE4C3C2-8E15-4024-9B20-7250C7BF3C80}.Debug|Any CPU.ActiveCfg = Debug|Any CPU
		{4CE4C3C2-8E15-4024-9B20-7250C7BF3C80}.Debug|Any CPU.Build.0 = Debug|Any CPU
		{4CE4C3C2-8E15-4024-9B20-7250C7BF3C80}.Release|Any CPU.ActiveCfg = Release|Any CPU
		{4CE4C3C2-8E15-4024-9B20-7250C7BF3C80}.Release|Any CPU.Build.0 = Release|Any CPU
		{07BB00D9-840F-4F6C-83D6-795CE1ACA4D1}.Debug|Any CPU.ActiveCfg = Debug|Any CPU
		{07BB00D9-840F-4F6C-83D6-795CE1ACA4D1}.Debug|Any CPU.Build.0 = Debug|Any CPU
		{07BB00D9-840F-4F6C-83D6-795CE1ACA4D1}.Release|Any CPU.ActiveCfg = Release|Any CPU
		{07BB00D9-840F-4F6C-83D6-795CE1ACA4D1}.Release|Any CPU.Build.0 = Release|Any CPU
		{36FE4C33-3812-451A-9516-8AEBFDD43142}.Debug|Any CPU.ActiveCfg = Debug|Any CPU
		{36FE4C33-3812-451A-9516-8AEBFDD43142}.Debug|Any CPU.Build.0 = Debug|Any CPU
		{36FE4C33-3812-451A-9516-8AEBFDD43142}.Release|Any CPU.ActiveCfg = Release|Any CPU
		{36FE4C33-3812-451A-9516-8AEBFDD43142}.Release|Any CPU.Build.0 = Release|Any CPU
		{D9FAB0F4-7A7D-4FAB-95CF-ED8A51257CBE}.Debug|Any CPU.ActiveCfg = Debug|Any CPU
		{D9FAB0F4-7A7D-4FAB-95CF-ED8A51257CBE}.Debug|Any CPU.Build.0 = Debug|Any CPU
		{D9FAB0F4-7A7D-4FAB-95CF-ED8A51257CBE}.Release|Any CPU.ActiveCfg = Release|Any CPU
		{D9FAB0F4-7A7D-4FAB-95CF-ED8A51257CBE}.Release|Any CPU.Build.0 = Release|Any CPU
		{0666C772-4683-450A-9238-FC184FD821B6}.Debug|Any CPU.ActiveCfg = Debug|Any CPU
		{0666C772-4683-450A-9238-FC184FD821B6}.Debug|Any CPU.Build.0 = Debug|Any CPU
		{0666C772-4683-450A-9238-FC184FD821B6}.Release|Any CPU.ActiveCfg = Release|Any CPU
		{0666C772-4683-450A-9238-FC184FD821B6}.Release|Any CPU.Build.0 = Release|Any CPU
		{A5F45046-C985-4050-A680-EE828B76BAF3}.Debug|Any CPU.ActiveCfg = Debug|Any CPU
		{A5F45046-C985-4050-A680-EE828B76BAF3}.Debug|Any CPU.Build.0 = Debug|Any CPU
		{A5F45046-C985-4050-A680-EE828B76BAF3}.Release|Any CPU.ActiveCfg = Release|Any CPU
		{A5F45046-C985-4050-A680-EE828B76BAF3}.Release|Any CPU.Build.0 = Release|Any CPU
	EndGlobalSection
	GlobalSection(SolutionProperties) = preSolution
		HideSolutionNode = FALSE
	EndGlobalSection
	GlobalSection(NestedProjects) = preSolution
		{9DF18AB7-4747-4A4C-8492-FEE8E14EC03B} = {A39D4111-0402-4519-A639-FF1B588A80B4}
		{CEAAFE55-3E8C-4241-8734-8A91DD0763C3} = {A39D4111-0402-4519-A639-FF1B588A80B4}
		{E1C3C4BD-4CF0-4C45-8ADD-CD431CF4144C} = {A39D4111-0402-4519-A639-FF1B588A80B4}
		{D162EC1D-6E73-4638-A1EA-9B7553540292} = {A39D4111-0402-4519-A639-FF1B588A80B4}
		{86ACA463-77DB-4DEF-8412-973F5ED6BF51} = {A39D4111-0402-4519-A639-FF1B588A80B4}
		{0B9D475C-34BC-4609-BA24-55BAB55BEC7A} = {22032329-EF94-463D-ACC6-F6D29AAB9E3C}
		{D650C17C-390D-4D3B-B9E0-6471BD0CDAEB} = {22032329-EF94-463D-ACC6-F6D29AAB9E3C}
		{ACB6A6A5-5BB4-4E63-AAC5-A3B098ADE802} = {22032329-EF94-463D-ACC6-F6D29AAB9E3C}
		{706E1BBC-75FF-4D64-B20C-66AC81E507DD} = {22032329-EF94-463D-ACC6-F6D29AAB9E3C}
		{4C7A0FE7-300F-4166-99F9-6943189F6E85} = {22032329-EF94-463D-ACC6-F6D29AAB9E3C}
		{D3878B59-6076-483F-9B0B-010989D767A0} = {9DA61432-4D87-4A7A-B9F1-7DB104480351}
		{30A793E3-FAE3-4125-B797-AADEEC73DC6D} = {9DA61432-4D87-4A7A-B9F1-7DB104480351}
		{0B837A81-0A3B-4542-A001-F51E3AF12B69} = {9DA61432-4D87-4A7A-B9F1-7DB104480351}
		{4CE4C3C2-8E15-4024-9B20-7250C7BF3C80} = {9DA61432-4D87-4A7A-B9F1-7DB104480351}
		{07BB00D9-840F-4F6C-83D6-795CE1ACA4D1} = {94556FC5-7A13-4BD1-AC09-DD5EAD1C1961}
		{36FE4C33-3812-451A-9516-8AEBFDD43142} = {94556FC5-7A13-4BD1-AC09-DD5EAD1C1961}
		{D9FAB0F4-7A7D-4FAB-95CF-ED8A51257CBE} = {94556FC5-7A13-4BD1-AC09-DD5EAD1C1961}
		{0666C772-4683-450A-9238-FC184FD821B6} = {94556FC5-7A13-4BD1-AC09-DD5EAD1C1961}
		{A5F45046-C985-4050-A680-EE828B76BAF3} = {396851E6-703E-4046-9CF8-B02BBED07C83}
	EndGlobalSection
	GlobalSection(ExtensibilityGlobals) = postSolution
		SolutionGuid = {93132984-A0EC-4089-A745-06FDC8125CA3}
	EndGlobalSection
EndGlobal
