
Microsoft Visual Studio Solution File, Format Version 12.00
# Visual Studio Version 17
VisualStudioVersion = 17.5.002.0
MinimumVisualStudioVersion = 10.0.40219.1
Project("{2150E333-8FDC-42A3-9474-1A3956D46DE8}") = "csharp-prep", "csharp-prep", "{FB36C958-2898-4263-8D50-5CEDE9F7D17E}"
EndProject
Project("{9A19103F-16F7-4668-BE54-9A1E7A4F7556}") = "Prep1", "csharp-prep\Prep1\Prep1.csproj", "{88AF084D-1015-45A5-8E99-DCC3B8C31B35}"
EndProject
Project("{9A19103F-16F7-4668-BE54-9A1E7A4F7556}") = "Prep2", "csharp-prep\Prep2\Prep2.csproj", "{3BE8D9B5-A087-4941-9D15-4404E73FBF47}"
EndProject
Project("{9A19103F-16F7-4668-BE54-9A1E7A4F7556}") = "Prep3", "csharp-prep\Prep3\Prep3.csproj", "{672D4144-ABC2-466B-A454-8FEA60966C0A}"
EndProject
Project("{9A19103F-16F7-4668-BE54-9A1E7A4F7556}") = "Prep4", "csharp-prep\Prep4\Prep4.csproj", "{9DDFFA96-686D-4691-9C22-6F50EBC0D2E4}"
EndProject
Project("{9A19103F-16F7-4668-BE54-9A1E7A4F7556}") = "Prep5", "csharp-prep\Prep5\Prep5.csproj", "{DFCCD724-6251-4887-B674-48162D7CF49A}"
EndProject
Project("{2150E333-8FDC-42A3-9474-1A3956D46DE8}") = "final", "final", "{706A9784-6826-492E-871A-2157A58CEFAC}"
EndProject
Project("{9A19103F-16F7-4668-BE54-9A1E7A4F7556}") = "FinalProject", "final\FinalProject\FinalProject.csproj", "{20B86E98-7AC1-40A5-B625-6FA9FCD4A418}"
EndProject
Project("{9A19103F-16F7-4668-BE54-9A1E7A4F7556}") = "Foundation1", "final\Foundation1\Foundation1.csproj", "{4F063C2D-8547-422B-98DF-6AA8DB4EA5E0}"
EndProject
Project("{9A19103F-16F7-4668-BE54-9A1E7A4F7556}") = "Foundation2", "final\Foundation2\Foundation2.csproj", "{0C85AC9E-BC29-468D-924A-9B06AC10149F}"
EndProject
Project("{9A19103F-16F7-4668-BE54-9A1E7A4F7556}") = "Foundation3", "final\Foundation3\Foundation3.csproj", "{C0B5FA2C-88E7-4D19-9630-AF602DE2045F}"
EndProject
Project("{9A19103F-16F7-4668-BE54-9A1E7A4F7556}") = "Foundation4", "final\Foundation4\Foundation4.csproj", "{6B89183B-5444-4795-B503-76ED281E8A55}"
EndProject
Project("{2150E333-8FDC-42A3-9474-1A3956D46DE8}") = "prepare", "prepare", "{0BF2710D-B570-4826-9A96-7DE269AFA881}"
EndProject
Project("{9A19103F-16F7-4668-BE54-9A1E7A4F7556}") = "Learning02", "prepare\Learning02\Learning02.csproj", "{888EE501-A076-41D7-BCA2-5A2DBE4E34C2}"
EndProject
Project("{9A19103F-16F7-4668-BE54-9A1E7A4F7556}") = "Learning03", "prepare\Learning03\Learning03.csproj", "{71908106-39B9-4FB7-8B09-91E75A979142}"
EndProject
Project("{9A19103F-16F7-4668-BE54-9A1E7A4F7556}") = "Learning04", "prepare\Learning04\Learning04.csproj", "{1599B2C8-0ABD-457B-8BFD-DECDA9C5D815}"
EndProject
Project("{9A19103F-16F7-4668-BE54-9A1E7A4F7556}") = "Learning05", "prepare\Learning05\Learning05.csproj", "{38B99768-EFBD-41AC-8B81-B60538E049E7}"
EndProject
Project("{2150E333-8FDC-42A3-9474-1A3956D46DE8}") = "prove", "prove", "{E5A80C71-2DC5-4CBE-BD12-38B19E6035F4}"
EndProject
Project("{9A19103F-16F7-4668-BE54-9A1E7A4F7556}") = "Develop02", "prove\Develop02\Develop02.csproj", "{97AC82FA-233A-4ED3-A515-B7CDC7DCFC81}"
EndProject
Project("{9A19103F-16F7-4668-BE54-9A1E7A4F7556}") = "Develop03", "prove\Develop03\Develop03.csproj", "{CE0A2569-9CC6-4377-A777-EFB1A6739D52}"
EndProject
Project("{9A19103F-16F7-4668-BE54-9A1E7A4F7556}") = "Develop04", "prove\Develop04\Develop04.csproj", "{1E6BA649-505D-44F0-9121-10980FCBEE68}"
EndProject
Project("{9A19103F-16F7-4668-BE54-9A1E7A4F7556}") = "Develop05", "prove\Develop05\Develop05.csproj", "{E3084DD1-1AC7-4BA7-AF6B-2ACD8739CD1B}"
EndProject
Project("{2150E333-8FDC-42A3-9474-1A3956D46DE8}") = "sandbox", "sandbox", "{AF3BC16F-C8AE-4310-A3CE-A7842E34CA06}"
EndProject
Project("{9A19103F-16F7-4668-BE54-9A1E7A4F7556}") = "Sandbox", "sandbox\Sandbox\Sandbox.csproj", "{8686B6C8-2D53-417F-B497-5162434EB466}"
EndProject
Global
	GlobalSection(SolutionConfigurationPlatforms) = preSolution
		Debug|Any CPU = Debug|Any CPU
		Release|Any CPU = Release|Any CPU
	EndGlobalSection
	GlobalSection(ProjectConfigurationPlatforms) = postSolution
		{88AF084D-1015-45A5-8E99-DCC3B8C31B35}.Debug|Any CPU.ActiveCfg = Debug|Any CPU
		{88AF084D-1015-45A5-8E99-DCC3B8C31B35}.Debug|Any CPU.Build.0 = Debug|Any CPU
		{88AF084D-1015-45A5-8E99-DCC3B8C31B35}.Release|Any CPU.ActiveCfg = Release|Any CPU
		{88AF084D-1015-45A5-8E99-DCC3B8C31B35}.Release|Any CPU.Build.0 = Release|Any CPU
		{3BE8D9B5-A087-4941-9D15-4404E73FBF47}.Debug|Any CPU.ActiveCfg = Debug|Any CPU
		{3BE8D9B5-A087-4941-9D15-4404E73FBF47}.Debug|Any CPU.Build.0 = Debug|Any CPU
		{3BE8D9B5-A087-4941-9D15-4404E73FBF47}.Release|Any CPU.ActiveCfg = Release|Any CPU
		{3BE8D9B5-A087-4941-9D15-4404E73FBF47}.Release|Any CPU.Build.0 = Release|Any CPU
		{672D4144-ABC2-466B-A454-8FEA60966C0A}.Debug|Any CPU.ActiveCfg = Debug|Any CPU
		{672D4144-ABC2-466B-A454-8FEA60966C0A}.Debug|Any CPU.Build.0 = Debug|Any CPU
		{672D4144-ABC2-466B-A454-8FEA60966C0A}.Release|Any CPU.ActiveCfg = Release|Any CPU
		{672D4144-ABC2-466B-A454-8FEA60966C0A}.Release|Any CPU.Build.0 = Release|Any CPU
		{9DDFFA96-686D-4691-9C22-6F50EBC0D2E4}.Debug|Any CPU.ActiveCfg = Debug|Any CPU
		{9DDFFA96-686D-4691-9C22-6F50EBC0D2E4}.Debug|Any CPU.Build.0 = Debug|Any CPU
		{9DDFFA96-686D-4691-9C22-6F50EBC0D2E4}.Release|Any CPU.ActiveCfg = Release|Any CPU
		{9DDFFA96-686D-4691-9C22-6F50EBC0D2E4}.Release|Any CPU.Build.0 = Release|Any CPU
		{DFCCD724-6251-4887-B674-48162D7CF49A}.Debug|Any CPU.ActiveCfg = Debug|Any CPU
		{DFCCD724-6251-4887-B674-48162D7CF49A}.Debug|Any CPU.Build.0 = Debug|Any CPU
		{DFCCD724-6251-4887-B674-48162D7CF49A}.Release|Any CPU.ActiveCfg = Release|Any CPU
		{DFCCD724-6251-4887-B674-48162D7CF49A}.Release|Any CPU.Build.0 = Release|Any CPU
		{20B86E98-7AC1-40A5-B625-6FA9FCD4A418}.Debug|Any CPU.ActiveCfg = Debug|Any CPU
		{20B86E98-7AC1-40A5-B625-6FA9FCD4A418}.Debug|Any CPU.Build.0 = Debug|Any CPU
		{20B86E98-7AC1-40A5-B625-6FA9FCD4A418}.Release|Any CPU.ActiveCfg = Release|Any CPU
		{20B86E98-7AC1-40A5-B625-6FA9FCD4A418}.Release|Any CPU.Build.0 = Release|Any CPU
		{4F063C2D-8547-422B-98DF-6AA8DB4EA5E0}.Debug|Any CPU.ActiveCfg = Debug|Any CPU
		{4F063C2D-8547-422B-98DF-6AA8DB4EA5E0}.Debug|Any CPU.Build.0 = Debug|Any CPU
		{4F063C2D-8547-422B-98DF-6AA8DB4EA5E0}.Release|Any CPU.ActiveCfg = Release|Any CPU
		{4F063C2D-8547-422B-98DF-6AA8DB4EA5E0}.Release|Any CPU.Build.0 = Release|Any CPU
		{0C85AC9E-BC29-468D-924A-9B06AC10149F}.Debug|Any CPU.ActiveCfg = Debug|Any CPU
		{0C85AC9E-BC29-468D-924A-9B06AC10149F}.Debug|Any CPU.Build.0 = Debug|Any CPU
		{0C85AC9E-BC29-468D-924A-9B06AC10149F}.Release|Any CPU.ActiveCfg = Release|Any CPU
		{0C85AC9E-BC29-468D-924A-9B06AC10149F}.Release|Any CPU.Build.0 = Release|Any CPU
		{C0B5FA2C-88E7-4D19-9630-AF602DE2045F}.Debug|Any CPU.ActiveCfg = Debug|Any CPU
		{C0B5FA2C-88E7-4D19-9630-AF602DE2045F}.Debug|Any CPU.Build.0 = Debug|Any CPU
		{C0B5FA2C-88E7-4D19-9630-AF602DE2045F}.Release|Any CPU.ActiveCfg = Release|Any CPU
		{C0B5FA2C-88E7-4D19-9630-AF602DE2045F}.Release|Any CPU.Build.0 = Release|Any CPU
		{6B89183B-5444-4795-B503-76ED281E8A55}.Debug|Any CPU.ActiveCfg = Debug|Any CPU
		{6B89183B-5444-4795-B503-76ED281E8A55}.Debug|Any CPU.Build.0 = Debug|Any CPU
		{6B89183B-5444-4795-B503-76ED281E8A55}.Release|Any CPU.ActiveCfg = Release|Any CPU
		{6B89183B-5444-4795-B503-76ED281E8A55}.Release|Any CPU.Build.0 = Release|Any CPU
		{888EE501-A076-41D7-BCA2-5A2DBE4E34C2}.Debug|Any CPU.ActiveCfg = Debug|Any CPU
		{888EE501-A076-41D7-BCA2-5A2DBE4E34C2}.Debug|Any CPU.Build.0 = Debug|Any CPU
		{888EE501-A076-41D7-BCA2-5A2DBE4E34C2}.Release|Any CPU.ActiveCfg = Release|Any CPU
		{888EE501-A076-41D7-BCA2-5A2DBE4E34C2}.Release|Any CPU.Build.0 = Release|Any CPU
		{71908106-39B9-4FB7-8B09-91E75A979142}.Debug|Any CPU.ActiveCfg = Debug|Any CPU
		{71908106-39B9-4FB7-8B09-91E75A979142}.Debug|Any CPU.Build.0 = Debug|Any CPU
		{71908106-39B9-4FB7-8B09-91E75A979142}.Release|Any CPU.ActiveCfg = Release|Any CPU
		{71908106-39B9-4FB7-8B09-91E75A979142}.Release|Any CPU.Build.0 = Release|Any CPU
		{1599B2C8-0ABD-457B-8BFD-DECDA9C5D815}.Debug|Any CPU.ActiveCfg = Debug|Any CPU
		{1599B2C8-0ABD-457B-8BFD-DECDA9C5D815}.Debug|Any CPU.Build.0 = Debug|Any CPU
		{1599B2C8-0ABD-457B-8BFD-DECDA9C5D815}.Release|Any CPU.ActiveCfg = Release|Any CPU
		{1599B2C8-0ABD-457B-8BFD-DECDA9C5D815}.Release|Any CPU.Build.0 = Release|Any CPU
		{38B99768-EFBD-41AC-8B81-B60538E049E7}.Debug|Any CPU.ActiveCfg = Debug|Any CPU
		{38B99768-EFBD-41AC-8B81-B60538E049E7}.Debug|Any CPU.Build.0 = Debug|Any CPU
		{38B99768-EFBD-41AC-8B81-B60538E049E7}.Release|Any CPU.ActiveCfg = Release|Any CPU
		{38B99768-EFBD-41AC-8B81-B60538E049E7}.Release|Any CPU.Build.0 = Release|Any CPU
		{97AC82FA-233A-4ED3-A515-B7CDC7DCFC81}.Debug|Any CPU.ActiveCfg = Debug|Any CPU
		{97AC82FA-233A-4ED3-A515-B7CDC7DCFC81}.Debug|Any CPU.Build.0 = Debug|Any CPU
		{97AC82FA-233A-4ED3-A515-B7CDC7DCFC81}.Release|Any CPU.ActiveCfg = Release|Any CPU
		{97AC82FA-233A-4ED3-A515-B7CDC7DCFC81}.Release|Any CPU.Build.0 = Release|Any CPU
		{CE0A2569-9CC6-4377-A777-EFB1A6739D52}.Debug|Any CPU.ActiveCfg = Debug|Any CPU
		{CE0A2569-9CC6-4377-A777-EFB1A6739D52}.Debug|Any CPU.Build.0 = Debug|Any CPU
		{CE0A2569-9CC6-4377-A777-EFB1A6739D52}.Release|Any CPU.ActiveCfg = Release|Any CPU
		{CE0A2569-9CC6-4377-A777-EFB1A6739D52}.Release|Any CPU.Build.0 = Release|Any CPU
		{1E6BA649-505D-44F0-9121-10980FCBEE68}.Debug|Any CPU.ActiveCfg = Debug|Any CPU
		{1E6BA649-505D-44F0-9121-10980FCBEE68}.Debug|Any CPU.Build.0 = Debug|Any CPU
		{1E6BA649-505D-44F0-9121-10980FCBEE68}.Release|Any CPU.ActiveCfg = Release|Any CPU
		{1E6BA649-505D-44F0-9121-10980FCBEE68}.Release|Any CPU.Build.0 = Release|Any CPU
		{E3084DD1-1AC7-4BA7-AF6B-2ACD8739CD1B}.Debug|Any CPU.ActiveCfg = Debug|Any CPU
		{E3084DD1-1AC7-4BA7-AF6B-2ACD8739CD1B}.Debug|Any CPU.Build.0 = Debug|Any CPU
		{E3084DD1-1AC7-4BA7-AF6B-2ACD8739CD1B}.Release|Any CPU.ActiveCfg = Release|Any CPU
		{E3084DD1-1AC7-4BA7-AF6B-2ACD8739CD1B}.Release|Any CPU.Build.0 = Release|Any CPU
		{8686B6C8-2D53-417F-B497-5162434EB466}.Debug|Any CPU.ActiveCfg = Debug|Any CPU
		{8686B6C8-2D53-417F-B497-5162434EB466}.Debug|Any CPU.Build.0 = Debug|Any CPU
		{8686B6C8-2D53-417F-B497-5162434EB466}.Release|Any CPU.ActiveCfg = Release|Any CPU
		{8686B6C8-2D53-417F-B497-5162434EB466}.Release|Any CPU.Build.0 = Release|Any CPU
	EndGlobalSection
	GlobalSection(SolutionProperties) = preSolution
		HideSolutionNode = FALSE
	EndGlobalSection
	GlobalSection(NestedProjects) = preSolution
		{88AF084D-1015-45A5-8E99-DCC3B8C31B35} = {FB36C958-2898-4263-8D50-5CEDE9F7D17E}
		{3BE8D9B5-A087-4941-9D15-4404E73FBF47} = {FB36C958-2898-4263-8D50-5CEDE9F7D17E}
		{672D4144-ABC2-466B-A454-8FEA60966C0A} = {FB36C958-2898-4263-8D50-5CEDE9F7D17E}
		{9DDFFA96-686D-4691-9C22-6F50EBC0D2E4} = {FB36C958-2898-4263-8D50-5CEDE9F7D17E}
		{DFCCD724-6251-4887-B674-48162D7CF49A} = {FB36C958-2898-4263-8D50-5CEDE9F7D17E}
		{20B86E98-7AC1-40A5-B625-6FA9FCD4A418} = {706A9784-6826-492E-871A-2157A58CEFAC}
		{4F063C2D-8547-422B-98DF-6AA8DB4EA5E0} = {706A9784-6826-492E-871A-2157A58CEFAC}
		{0C85AC9E-BC29-468D-924A-9B06AC10149F} = {706A9784-6826-492E-871A-2157A58CEFAC}
		{C0B5FA2C-88E7-4D19-9630-AF602DE2045F} = {706A9784-6826-492E-871A-2157A58CEFAC}
		{6B89183B-5444-4795-B503-76ED281E8A55} = {706A9784-6826-492E-871A-2157A58CEFAC}
		{888EE501-A076-41D7-BCA2-5A2DBE4E34C2} = {0BF2710D-B570-4826-9A96-7DE269AFA881}
		{71908106-39B9-4FB7-8B09-91E75A979142} = {0BF2710D-B570-4826-9A96-7DE269AFA881}
		{1599B2C8-0ABD-457B-8BFD-DECDA9C5D815} = {0BF2710D-B570-4826-9A96-7DE269AFA881}
		{38B99768-EFBD-41AC-8B81-B60538E049E7} = {0BF2710D-B570-4826-9A96-7DE269AFA881}
		{97AC82FA-233A-4ED3-A515-B7CDC7DCFC81} = {E5A80C71-2DC5-4CBE-BD12-38B19E6035F4}
		{CE0A2569-9CC6-4377-A777-EFB1A6739D52} = {E5A80C71-2DC5-4CBE-BD12-38B19E6035F4}
		{1E6BA649-505D-44F0-9121-10980FCBEE68} = {E5A80C71-2DC5-4CBE-BD12-38B19E6035F4}
		{E3084DD1-1AC7-4BA7-AF6B-2ACD8739CD1B} = {E5A80C71-2DC5-4CBE-BD12-38B19E6035F4}
		{8686B6C8-2D53-417F-B497-5162434EB466} = {AF3BC16F-C8AE-4310-A3CE-A7842E34CA06}
	EndGlobalSection
	GlobalSection(ExtensibilityGlobals) = postSolution
		SolutionGuid = {AE45A3EE-D5B6-4FF3-B638-BE711A5F0B22}
	EndGlobalSection
EndGlobal
